
Microsoft Visual Studio Solution File, Format Version 12.00
# Visual Studio Version 17
VisualStudioVersion = 17.4.33122.133
MinimumVisualStudioVersion = 10.0.40219.1
Project("{FAE04EC0-301F-11D3-BF4B-00C04F79EFBC}") = "ProductReviewManagementProblem", "ProductReviewManagementProblem\ProductReviewManagementProblem.csproj", "{A57A3661-5CC5-43CC-9CD2-A6B4AC66CFCE}"
EndProject
Global
	GlobalSection(SolutionConfigurationPlatforms) = preSolution
		Debug|Any CPU = Debug|Any CPU
		Release|Any CPU = Release|Any CPU
	EndGlobalSection
	GlobalSection(ProjectConfigurationPlatforms) = postSolution
		{A57A3661-5CC5-43CC-9CD2-A6B4AC66CFCE}.Debug|Any CPU.ActiveCfg = Debug|Any CPU
		{A57A3661-5CC5-43CC-9CD2-A6B4AC66CFCE}.Debug|Any CPU.Build.0 = Debug|Any CPU
		{A57A3661-5CC5-43CC-9CD2-A6B4AC66CFCE}.Release|Any CPU.ActiveCfg = Release|Any CPU
		{A57A3661-5CC5-43CC-9CD2-A6B4AC66CFCE}.Release|Any CPU.Build.0 = Release|Any CPU
	EndGlobalSection
	GlobalSection(SolutionProperties) = preSolution
		HideSolutionNode = FALSE
	EndGlobalSection
	GlobalSection(ExtensibilityGlobals) = postSolution
		SolutionGuid = {B036D743-9A36-4FA0-B646-6C3C6A1B8635}
	EndGlobalSection
EndGlobal
